
Microsoft Visual Studio Solution File, Format Version 12.00
# Visual Studio 2013
VisualStudioVersion = 12.0.30723.0
MinimumVisualStudioVersion = 10.0.40219.1
Project("{FAE04EC0-301F-11D3-BF4B-00C04F79EFBC}") = "SuperSecretary.WinForms", "SuperSecretary.WinForms\SuperSecretary.WinForms.csproj", "{BF6F1C7A-AA34-4AFC-BBAC-32EE23EF59AA}"
EndProject
Project("{FAE04EC0-301F-11D3-BF4B-00C04F79EFBC}") = "SuperSecretary.Tests", "SuperSecretary.Tests\SuperSecretary.Tests.csproj", "{B748C495-A71A-4E92-950F-03EA728D4F20}"
EndProject
Project("{930C7802-8A8C-48F9-8165-68863BCCD9DD}") = "SuperSecretary.Setup", "SuperSecretary.Setup\SuperSecretary.Setup.wixproj", "{24F66B7C-C62D-4BDC-AF4D-458EB519AA0E}"
EndProject
Project("{FAE04EC0-301F-11D3-BF4B-00C04F79EFBC}") = "SuperSecretary", "SuperSecretary\SuperSecretary.csproj", "{A1E6889D-1346-4B12-95F6-AAC1666B9403}"
EndProject
Global
	GlobalSection(SolutionConfigurationPlatforms) = preSolution
		Debug|Any CPU = Debug|Any CPU
		Debug|ARM = Debug|ARM
		Debug|Mixed Platforms = Debug|Mixed Platforms
		Debug|x64 = Debug|x64
		Debug|x86 = Debug|x86
		Release|Any CPU = Release|Any CPU
		Release|ARM = Release|ARM
		Release|Mixed Platforms = Release|Mixed Platforms
		Release|x64 = Release|x64
		Release|x86 = Release|x86
	EndGlobalSection
	GlobalSection(ProjectConfigurationPlatforms) = postSolution
		{BF6F1C7A-AA34-4AFC-BBAC-32EE23EF59AA}.Debug|Any CPU.ActiveCfg = Debug|Any CPU
		{BF6F1C7A-AA34-4AFC-BBAC-32EE23EF59AA}.Debug|Any CPU.Build.0 = Debug|Any CPU
		{BF6F1C7A-AA34-4AFC-BBAC-32EE23EF59AA}.Debug|ARM.ActiveCfg = Debug|Any CPU
		{BF6F1C7A-AA34-4AFC-BBAC-32EE23EF59AA}.Debug|Mixed Platforms.ActiveCfg = Debug|Any CPU
		{BF6F1C7A-AA34-4AFC-BBAC-32EE23EF59AA}.Debug|Mixed Platforms.Build.0 = Debug|Any CPU
		{BF6F1C7A-AA34-4AFC-BBAC-32EE23EF59AA}.Debug|x64.ActiveCfg = Debug|Any CPU
		{BF6F1C7A-AA34-4AFC-BBAC-32EE23EF59AA}.Debug|x86.ActiveCfg = Debug|Any CPU
		{BF6F1C7A-AA34-4AFC-BBAC-32EE23EF59AA}.Release|Any CPU.ActiveCfg = Release|Any CPU
		{BF6F1C7A-AA34-4AFC-BBAC-32EE23EF59AA}.Release|Any CPU.Build.0 = Release|Any CPU
		{BF6F1C7A-AA34-4AFC-BBAC-32EE23EF59AA}.Release|ARM.ActiveCfg = Release|Any CPU
		{BF6F1C7A-AA34-4AFC-BBAC-32EE23EF59AA}.Release|Mixed Platforms.ActiveCfg = Release|Any CPU
		{BF6F1C7A-AA34-4AFC-BBAC-32EE23EF59AA}.Release|Mixed Platforms.Build.0 = Release|Any CPU
		{BF6F1C7A-AA34-4AFC-BBAC-32EE23EF59AA}.Release|x64.ActiveCfg = Release|Any CPU
		{BF6F1C7A-AA34-4AFC-BBAC-32EE23EF59AA}.Release|x86.ActiveCfg = Release|Any CPU
		{B748C495-A71A-4E92-950F-03EA728D4F20}.Debug|Any CPU.ActiveCfg = Debug|Any CPU
		{B748C495-A71A-4E92-950F-03EA728D4F20}.Debug|Any CPU.Build.0 = Debug|Any CPU
		{B748C495-A71A-4E92-950F-03EA728D4F20}.Debug|ARM.ActiveCfg = Debug|Any CPU
		{B748C495-A71A-4E92-950F-03EA728D4F20}.Debug|Mixed Platforms.ActiveCfg = Debug|Any CPU
		{B748C495-A71A-4E92-950F-03EA728D4F20}.Debug|Mixed Platforms.Build.0 = Debug|Any CPU
		{B748C495-A71A-4E92-950F-03EA728D4F20}.Debug|x64.ActiveCfg = Debug|Any CPU
		{B748C495-A71A-4E92-950F-03EA728D4F20}.Debug|x86.ActiveCfg = Debug|Any CPU
		{B748C495-A71A-4E92-950F-03EA728D4F20}.Release|Any CPU.ActiveCfg = Release|Any CPU
		{B748C495-A71A-4E92-950F-03EA728D4F20}.Release|Any CPU.Build.0 = Release|Any CPU
		{B748C495-A71A-4E92-950F-03EA728D4F20}.Release|ARM.ActiveCfg = Release|Any CPU
		{B748C495-A71A-4E92-950F-03EA728D4F20}.Release|Mixed Platforms.ActiveCfg = Release|Any CPU
		{B748C495-A71A-4E92-950F-03EA728D4F20}.Release|Mixed Platforms.Build.0 = Release|Any CPU
		{B748C495-A71A-4E92-950F-03EA728D4F20}.Release|x64.ActiveCfg = Release|Any CPU
		{B748C495-A71A-4E92-950F-03EA728D4F20}.Release|x86.ActiveCfg = Release|Any CPU
		{24F66B7C-C62D-4BDC-AF4D-458EB519AA0E}.Debug|Any CPU.ActiveCfg = Debug|x86
		{24F66B7C-C62D-4BDC-AF4D-458EB519AA0E}.Debug|ARM.ActiveCfg = Debug|x86
		{24F66B7C-C62D-4BDC-AF4D-458EB519AA0E}.Debug|Mixed Platforms.ActiveCfg = Debug|x86
		{24F66B7C-C62D-4BDC-AF4D-458EB519AA0E}.Debug|Mixed Platforms.Build.0 = Debug|x86
		{24F66B7C-C62D-4BDC-AF4D-458EB519AA0E}.Debug|x64.ActiveCfg = Debug|x86
		{24F66B7C-C62D-4BDC-AF4D-458EB519AA0E}.Debug|x86.ActiveCfg = Debug|x86
		{24F66B7C-C62D-4BDC-AF4D-458EB519AA0E}.Debug|x86.Build.0 = Debug|x86
		{24F66B7C-C62D-4BDC-AF4D-458EB519AA0E}.Release|Any CPU.ActiveCfg = Release|x86
		{24F66B7C-C62D-4BDC-AF4D-458EB519AA0E}.Release|ARM.ActiveCfg = Release|x86
		{24F66B7C-C62D-4BDC-AF4D-458EB519AA0E}.Release|Mixed Platforms.ActiveCfg = Release|x86
		{24F66B7C-C62D-4BDC-AF4D-458EB519AA0E}.Release|Mixed Platforms.Build.0 = Release|x86
		{24F66B7C-C62D-4BDC-AF4D-458EB519AA0E}.Release|x64.ActiveCfg = Release|x86
		{24F66B7C-C62D-4BDC-AF4D-458EB519AA0E}.Release|x86.ActiveCfg = Release|x86
		{24F66B7C-C62D-4BDC-AF4D-458EB519AA0E}.Release|x86.Build.0 = Release|x86
		{A1E6889D-1346-4B12-95F6-AAC1666B9403}.Debug|Any CPU.ActiveCfg = Debug|Any CPU
		{A1E6889D-1346-4B12-95F6-AAC1666B9403}.Debug|Any CPU.Build.0 = Debug|Any CPU
		{A1E6889D-1346-4B12-95F6-AAC1666B9403}.Debug|ARM.ActiveCfg = Debug|Any CPU
		{A1E6889D-1346-4B12-95F6-AAC1666B9403}.Debug|Mixed Platforms.ActiveCfg = Debug|Any CPU
		{A1E6889D-1346-4B12-95F6-AAC1666B9403}.Debug|Mixed Platforms.Build.0 = Debug|Any CPU
		{A1E6889D-1346-4B12-95F6-AAC1666B9403}.Debug|x64.ActiveCfg = Debug|Any CPU
		{A1E6889D-1346-4B12-95F6-AAC1666B9403}.Debug|x86.ActiveCfg = Debug|Any CPU
		{A1E6889D-1346-4B12-95F6-AAC1666B9403}.Release|Any CPU.ActiveCfg = Release|Any CPU
		{A1E6889D-1346-4B12-95F6-AAC1666B9403}.Release|Any CPU.Build.0 = Release|Any CPU
		{A1E6889D-1346-4B12-95F6-AAC1666B9403}.Release|ARM.ActiveCfg = Release|Any CPU
		{A1E6889D-1346-4B12-95F6-AAC1666B9403}.Release|Mixed Platforms.ActiveCfg = Release|Any CPU
		{A1E6889D-1346-4B12-95F6-AAC1666B9403}.Release|Mixed Platforms.Build.0 = Release|Any CPU
		{A1E6889D-1346-4B12-95F6-AAC1666B9403}.Release|x64.ActiveCfg = Release|Any CPU
		{A1E6889D-1346-4B12-95F6-AAC1666B9403}.Release|x86.ActiveCfg = Release|Any CPU
	EndGlobalSection
	GlobalSection(SolutionProperties) = preSolution
		HideSolutionNode = FALSE
	EndGlobalSection
EndGlobal
